// !$*UTF8*$!
{
	archiveVersion = 1;
	classes = {
	};
	objectVersion = 56;
	objects = {

/* Begin PBXBuildFile section */
		9521DA282BC151DE00D2494E /* TabBarController.swift in Sources */ = {isa = PBXBuildFile; fileRef = 9521DA272BC151DE00D2494E /* TabBarController.swift */; };
		9521DA2A2BC152A900D2494E /* StatisticViewController.swift in Sources */ = {isa = PBXBuildFile; fileRef = 9521DA292BC152A900D2494E /* StatisticViewController.swift */; };
		9521DA2C2BC2CD5500D2494E /* TrackersModels.swift in Sources */ = {isa = PBXBuildFile; fileRef = 9521DA2B2BC2CD5500D2494E /* TrackersModels.swift */; };
		9521DA302BC5630400D2494E /* TrackerCollectionViewCell.swift in Sources */ = {isa = PBXBuildFile; fileRef = 9521DA2F2BC5630400D2494E /* TrackerCollectionViewCell.swift */; };
		9521DA322BC7052F00D2494E /* NewTrackerViewController.swift in Sources */ = {isa = PBXBuildFile; fileRef = 9521DA312BC7052F00D2494E /* NewTrackerViewController.swift */; };
		9521DA342BC7095A00D2494E /* NewHabitViewController.swift in Sources */ = {isa = PBXBuildFile; fileRef = 9521DA332BC7095A00D2494E /* NewHabitViewController.swift */; };
		9521DA362BC70A1F00D2494E /* NewEventViewController.swift in Sources */ = {isa = PBXBuildFile; fileRef = 9521DA352BC70A1F00D2494E /* NewEventViewController.swift */; };
		9521DA392BC7F43000D2494E /* NewHabitTableViewCell.swift in Sources */ = {isa = PBXBuildFile; fileRef = 9521DA382BC7F43000D2494E /* NewHabitTableViewCell.swift */; };
		9521DA3C2BC861E400D2494E /* NewEventTableViewCell.swift in Sources */ = {isa = PBXBuildFile; fileRef = 9521DA3B2BC861E400D2494E /* NewEventTableViewCell.swift */; };
		9521DA402BCBF7C700D2494E /* Constant.swift in Sources */ = {isa = PBXBuildFile; fileRef = 9521DA3F2BCBF7C700D2494E /* Constant.swift */; };
		9521DA422BCD267900D2494E /* UITextField.swift in Sources */ = {isa = PBXBuildFile; fileRef = 9521DA412BCD267900D2494E /* UITextField.swift */; };
		9521DA442BCFB6AD00D2494E /* SupplementaryView.swift in Sources */ = {isa = PBXBuildFile; fileRef = 9521DA432BCFB6AD00D2494E /* SupplementaryView.swift */; };
		953D87A72BC0275D00CACBBC /* AppDelegate.swift in Sources */ = {isa = PBXBuildFile; fileRef = 953D87A62BC0275D00CACBBC /* AppDelegate.swift */; };
		953D87A92BC0275D00CACBBC /* SceneDelegate.swift in Sources */ = {isa = PBXBuildFile; fileRef = 953D87A82BC0275D00CACBBC /* SceneDelegate.swift */; };
		953D87AB2BC0275D00CACBBC /* TrackersViewController.swift in Sources */ = {isa = PBXBuildFile; fileRef = 953D87AA2BC0275D00CACBBC /* TrackersViewController.swift */; };
		953D87AE2BC0275D00CACBBC /* Main.storyboard in Resources */ = {isa = PBXBuildFile; fileRef = 953D87AC2BC0275D00CACBBC /* Main.storyboard */; };
		953D87B02BC0275F00CACBBC /* Assets.xcassets in Resources */ = {isa = PBXBuildFile; fileRef = 953D87AF2BC0275F00CACBBC /* Assets.xcassets */; };
		953D87B32BC0275F00CACBBC /* LaunchScreen.storyboard in Resources */ = {isa = PBXBuildFile; fileRef = 953D87B12BC0275F00CACBBC /* LaunchScreen.storyboard */; };
/* End PBXBuildFile section */

/* Begin PBXFileReference section */
		9521DA272BC151DE00D2494E /* TabBarController.swift */ = {isa = PBXFileReference; lastKnownFileType = sourcecode.swift; path = TabBarController.swift; sourceTree = "<group>"; };
		9521DA292BC152A900D2494E /* StatisticViewController.swift */ = {isa = PBXFileReference; lastKnownFileType = sourcecode.swift; path = StatisticViewController.swift; sourceTree = "<group>"; };
		9521DA2B2BC2CD5500D2494E /* TrackersModels.swift */ = {isa = PBXFileReference; lastKnownFileType = sourcecode.swift; path = TrackersModels.swift; sourceTree = "<group>"; };
		9521DA2F2BC5630400D2494E /* TrackerCollectionViewCell.swift */ = {isa = PBXFileReference; lastKnownFileType = sourcecode.swift; path = TrackerCollectionViewCell.swift; sourceTree = "<group>"; };
		9521DA312BC7052F00D2494E /* NewTrackerViewController.swift */ = {isa = PBXFileReference; lastKnownFileType = sourcecode.swift; path = NewTrackerViewController.swift; sourceTree = "<group>"; };
		9521DA332BC7095A00D2494E /* NewHabitViewController.swift */ = {isa = PBXFileReference; lastKnownFileType = sourcecode.swift; path = NewHabitViewController.swift; sourceTree = "<group>"; };
		9521DA352BC70A1F00D2494E /* NewEventViewController.swift */ = {isa = PBXFileReference; lastKnownFileType = sourcecode.swift; path = NewEventViewController.swift; sourceTree = "<group>"; };
		9521DA382BC7F43000D2494E /* NewHabitTableViewCell.swift */ = {isa = PBXFileReference; lastKnownFileType = sourcecode.swift; path = NewHabitTableViewCell.swift; sourceTree = "<group>"; };
		9521DA3B2BC861E400D2494E /* NewEventTableViewCell.swift */ = {isa = PBXFileReference; lastKnownFileType = sourcecode.swift; path = NewEventTableViewCell.swift; sourceTree = "<group>"; };
		9521DA3F2BCBF7C700D2494E /* Constant.swift */ = {isa = PBXFileReference; lastKnownFileType = sourcecode.swift; path = Constant.swift; sourceTree = "<group>"; };
		9521DA412BCD267900D2494E /* UITextField.swift */ = {isa = PBXFileReference; lastKnownFileType = sourcecode.swift; path = UITextField.swift; sourceTree = "<group>"; };
		9521DA432BCFB6AD00D2494E /* SupplementaryView.swift */ = {isa = PBXFileReference; lastKnownFileType = sourcecode.swift; path = SupplementaryView.swift; sourceTree = "<group>"; };
		953D87A32BC0275D00CACBBC /* Tracker.app */ = {isa = PBXFileReference; explicitFileType = wrapper.application; includeInIndex = 0; path = Tracker.app; sourceTree = BUILT_PRODUCTS_DIR; };
		953D87A62BC0275D00CACBBC /* AppDelegate.swift */ = {isa = PBXFileReference; lastKnownFileType = sourcecode.swift; path = AppDelegate.swift; sourceTree = "<group>"; };
		953D87A82BC0275D00CACBBC /* SceneDelegate.swift */ = {isa = PBXFileReference; lastKnownFileType = sourcecode.swift; path = SceneDelegate.swift; sourceTree = "<group>"; };
		953D87AA2BC0275D00CACBBC /* TrackersViewController.swift */ = {isa = PBXFileReference; lastKnownFileType = sourcecode.swift; path = TrackersViewController.swift; sourceTree = "<group>"; };
		953D87AD2BC0275D00CACBBC /* Base */ = {isa = PBXFileReference; lastKnownFileType = file.storyboard; name = Base; path = Base.lproj/Main.storyboard; sourceTree = "<group>"; };
		953D87AF2BC0275F00CACBBC /* Assets.xcassets */ = {isa = PBXFileReference; lastKnownFileType = folder.assetcatalog; path = Assets.xcassets; sourceTree = "<group>"; };
		953D87B22BC0275F00CACBBC /* Base */ = {isa = PBXFileReference; lastKnownFileType = file.storyboard; name = Base; path = Base.lproj/LaunchScreen.storyboard; sourceTree = "<group>"; };
		953D87B42BC0275F00CACBBC /* Info.plist */ = {isa = PBXFileReference; lastKnownFileType = text.plist.xml; path = Info.plist; sourceTree = "<group>"; };
/* End PBXFileReference section */

/* Begin PBXFrameworksBuildPhase section */
		953D87A02BC0275D00CACBBC /* Frameworks */ = {
			isa = PBXFrameworksBuildPhase;
			buildActionMask = 2147483647;
			files = (
			);
			runOnlyForDeploymentPostprocessing = 0;
		};
/* End PBXFrameworksBuildPhase section */

/* Begin PBXGroup section */
		9521DA2D2BC2CD5900D2494E /* Models */ = {
			isa = PBXGroup;
			children = (
				9521DA2B2BC2CD5500D2494E /* TrackersModels.swift */,
			);
			path = Models;
			sourceTree = "<group>";
		};
		9521DA2E2BC2CD6A00D2494E /* TabBar */ = {
			isa = PBXGroup;
			children = (
				9521DA272BC151DE00D2494E /* TabBarController.swift */,
			);
			path = TabBar;
			sourceTree = "<group>";
		};
		9521DA372BC70DE500D2494E /* NewTracker */ = {
			isa = PBXGroup;
			children = (
				9521DA312BC7052F00D2494E /* NewTrackerViewController.swift */,
				9521DA3D2BC861EB00D2494E /* NewEvent */,
				9521DA3A2BC8618200D2494E /* NewHabit */,
			);
			path = NewTracker;
			sourceTree = "<group>";
		};
		9521DA3A2BC8618200D2494E /* NewHabit */ = {
			isa = PBXGroup;
			children = (
				9521DA332BC7095A00D2494E /* NewHabitViewController.swift */,
				9521DA382BC7F43000D2494E /* NewHabitTableViewCell.swift */,
			);
			path = NewHabit;
			sourceTree = "<group>";
		};
		9521DA3D2BC861EB00D2494E /* NewEvent */ = {
			isa = PBXGroup;
			children = (
				9521DA352BC70A1F00D2494E /* NewEventViewController.swift */,
				9521DA3B2BC861E400D2494E /* NewEventTableViewCell.swift */,
			);
			path = NewEvent;
			sourceTree = "<group>";
		};
		9521DA3E2BCBF7AD00D2494E /* Helpers */ = {
			isa = PBXGroup;
			children = (
				9521DA3F2BCBF7C700D2494E /* Constant.swift */,
				9521DA412BCD267900D2494E /* UITextField.swift */,
			);
			path = Helpers;
			sourceTree = "<group>";
		};
		953D879A2BC0275D00CACBBC = {
			isa = PBXGroup;
			children = (
				953D87A52BC0275D00CACBBC /* Tracker */,
				953D87A42BC0275D00CACBBC /* Products */,
			);
			sourceTree = "<group>";
		};
		953D87A42BC0275D00CACBBC /* Products */ = {
			isa = PBXGroup;
			children = (
				953D87A32BC0275D00CACBBC /* Tracker.app */,
			);
			name = Products;
			sourceTree = "<group>";
		};
		953D87A52BC0275D00CACBBC /* Tracker */ = {
			isa = PBXGroup;
			children = (
				953D87A62BC0275D00CACBBC /* AppDelegate.swift */,
				953D87A82BC0275D00CACBBC /* SceneDelegate.swift */,
				953D87AA2BC0275D00CACBBC /* TrackersViewController.swift */,
				9521DA2F2BC5630400D2494E /* TrackerCollectionViewCell.swift */,
				9521DA432BCFB6AD00D2494E /* SupplementaryView.swift */,
				9521DA292BC152A900D2494E /* StatisticViewController.swift */,
				9521DA372BC70DE500D2494E /* NewTracker */,
				9521DA2E2BC2CD6A00D2494E /* TabBar */,
				9521DA3E2BCBF7AD00D2494E /* Helpers */,
				9521DA2D2BC2CD5900D2494E /* Models */,
				953D87AC2BC0275D00CACBBC /* Main.storyboard */,
				953D87AF2BC0275F00CACBBC /* Assets.xcassets */,
				953D87B12BC0275F00CACBBC /* LaunchScreen.storyboard */,
				953D87B42BC0275F00CACBBC /* Info.plist */,
			);
			path = Tracker;
			sourceTree = "<group>";
		};
/* End PBXGroup section */

/* Begin PBXNativeTarget section */
		953D87A22BC0275D00CACBBC /* Tracker */ = {
			isa = PBXNativeTarget;
			buildConfigurationList = 953D87B72BC0275F00CACBBC /* Build configuration list for PBXNativeTarget "Tracker" */;
			buildPhases = (
				953D879F2BC0275D00CACBBC /* Sources */,
				953D87A02BC0275D00CACBBC /* Frameworks */,
				953D87A12BC0275D00CACBBC /* Resources */,
			);
			buildRules = (
			);
			dependencies = (
			);
			name = Tracker;
			productName = Tracker;
			productReference = 953D87A32BC0275D00CACBBC /* Tracker.app */;
			productType = "com.apple.product-type.application";
		};
/* End PBXNativeTarget section */

/* Begin PBXProject section */
		953D879B2BC0275D00CACBBC /* Project object */ = {
			isa = PBXProject;
			attributes = {
				BuildIndependentTargetsInParallel = 1;
				LastSwiftUpdateCheck = 1520;
				LastUpgradeCheck = 1520;
				TargetAttributes = {
					953D87A22BC0275D00CACBBC = {
						CreatedOnToolsVersion = 15.2;
					};
				};
			};
			buildConfigurationList = 953D879E2BC0275D00CACBBC /* Build configuration list for PBXProject "Tracker" */;
			compatibilityVersion = "Xcode 14.0";
			developmentRegion = en;
			hasScannedForEncodings = 0;
			knownRegions = (
				en,
				Base,
			);
			mainGroup = 953D879A2BC0275D00CACBBC;
			productRefGroup = 953D87A42BC0275D00CACBBC /* Products */;
			projectDirPath = "";
			projectRoot = "";
			targets = (
				953D87A22BC0275D00CACBBC /* Tracker */,
			);
		};
/* End PBXProject section */

/* Begin PBXResourcesBuildPhase section */
		953D87A12BC0275D00CACBBC /* Resources */ = {
			isa = PBXResourcesBuildPhase;
			buildActionMask = 2147483647;
			files = (
				953D87B32BC0275F00CACBBC /* LaunchScreen.storyboard in Resources */,
				953D87B02BC0275F00CACBBC /* Assets.xcassets in Resources */,
				953D87AE2BC0275D00CACBBC /* Main.storyboard in Resources */,
			);
			runOnlyForDeploymentPostprocessing = 0;
		};
/* End PBXResourcesBuildPhase section */

/* Begin PBXSourcesBuildPhase section */
		953D879F2BC0275D00CACBBC /* Sources */ = {
			isa = PBXSourcesBuildPhase;
			buildActionMask = 2147483647;
			files = (
				9521DA2C2BC2CD5500D2494E /* TrackersModels.swift in Sources */,
				953D87AB2BC0275D00CACBBC /* TrackersViewController.swift in Sources */,
				9521DA362BC70A1F00D2494E /* NewEventViewController.swift in Sources */,
				9521DA342BC7095A00D2494E /* NewHabitViewController.swift in Sources */,
				9521DA392BC7F43000D2494E /* NewHabitTableViewCell.swift in Sources */,
				9521DA3C2BC861E400D2494E /* NewEventTableViewCell.swift in Sources */,
				9521DA282BC151DE00D2494E /* TabBarController.swift in Sources */,
				953D87A72BC0275D00CACBBC /* AppDelegate.swift in Sources */,
				9521DA2A2BC152A900D2494E /* StatisticViewController.swift in Sources */,
				9521DA422BCD267900D2494E /* UITextField.swift in Sources */,
				9521DA442BCFB6AD00D2494E /* SupplementaryView.swift in Sources */,
				9521DA402BCBF7C700D2494E /* Constant.swift in Sources */,
				9521DA302BC5630400D2494E /* TrackerCollectionViewCell.swift in Sources */,
				9521DA322BC7052F00D2494E /* NewTrackerViewController.swift in Sources */,
				953D87A92BC0275D00CACBBC /* SceneDelegate.swift in Sources */,
			);
			runOnlyForDeploymentPostprocessing = 0;
		};
/* End PBXSourcesBuildPhase section */

/* Begin PBXVariantGroup section */
		953D87AC2BC0275D00CACBBC /* Main.storyboard */ = {
			isa = PBXVariantGroup;
			children = (
				953D87AD2BC0275D00CACBBC /* Base */,
			);
			name = Main.storyboard;
			sourceTree = "<group>";
		};
		953D87B12BC0275F00CACBBC /* LaunchScreen.storyboard */ = {
			isa = PBXVariantGroup;
			children = (
				953D87B22BC0275F00CACBBC /* Base */,
			);
			name = LaunchScreen.storyboard;
			sourceTree = "<group>";
		};
/* End PBXVariantGroup section */

/* Begin XCBuildConfiguration section */
		953D87B52BC0275F00CACBBC /* Debug */ = {
			isa = XCBuildConfiguration;
			buildSettings = {
				ALWAYS_SEARCH_USER_PATHS = NO;
				ASSETCATALOG_COMPILER_GENERATE_SWIFT_ASSET_SYMBOL_EXTENSIONS = YES;
				CLANG_ANALYZER_NONNULL = YES;
				CLANG_ANALYZER_NUMBER_OBJECT_CONVERSION = YES_AGGRESSIVE;
				CLANG_CXX_LANGUAGE_STANDARD = "gnu++20";
				CLANG_ENABLE_MODULES = YES;
				CLANG_ENABLE_OBJC_ARC = YES;
				CLANG_ENABLE_OBJC_WEAK = YES;
				CLANG_WARN_BLOCK_CAPTURE_AUTORELEASING = YES;
				CLANG_WARN_BOOL_CONVERSION = YES;
				CLANG_WARN_COMMA = YES;
				CLANG_WARN_CONSTANT_CONVERSION = YES;
				CLANG_WARN_DEPRECATED_OBJC_IMPLEMENTATIONS = YES;
				CLANG_WARN_DIRECT_OBJC_ISA_USAGE = YES_ERROR;
				CLANG_WARN_DOCUMENTATION_COMMENTS = YES;
				CLANG_WARN_EMPTY_BODY = YES;
				CLANG_WARN_ENUM_CONVERSION = YES;
				CLANG_WARN_INFINITE_RECURSION = YES;
				CLANG_WARN_INT_CONVERSION = YES;
				CLANG_WARN_NON_LITERAL_NULL_CONVERSION = YES;
				CLANG_WARN_OBJC_IMPLICIT_RETAIN_SELF = YES;
				CLANG_WARN_OBJC_LITERAL_CONVERSION = YES;
				CLANG_WARN_OBJC_ROOT_CLASS = YES_ERROR;
				CLANG_WARN_QUOTED_INCLUDE_IN_FRAMEWORK_HEADER = YES;
				CLANG_WARN_RANGE_LOOP_ANALYSIS = YES;
				CLANG_WARN_STRICT_PROTOTYPES = YES;
				CLANG_WARN_SUSPICIOUS_MOVE = YES;
				CLANG_WARN_UNGUARDED_AVAILABILITY = YES_AGGRESSIVE;
				CLANG_WARN_UNREACHABLE_CODE = YES;
				CLANG_WARN__DUPLICATE_METHOD_MATCH = YES;
				COPY_PHASE_STRIP = NO;
				DEBUG_INFORMATION_FORMAT = dwarf;
				ENABLE_STRICT_OBJC_MSGSEND = YES;
				ENABLE_TESTABILITY = YES;
				ENABLE_USER_SCRIPT_SANDBOXING = YES;
				GCC_C_LANGUAGE_STANDARD = gnu17;
				GCC_DYNAMIC_NO_PIC = NO;
				GCC_NO_COMMON_BLOCKS = YES;
				GCC_OPTIMIZATION_LEVEL = 0;
				GCC_PREPROCESSOR_DEFINITIONS = (
					"DEBUG=1",
					"$(inherited)",
				);
				GCC_WARN_64_TO_32_BIT_CONVERSION = YES;
				GCC_WARN_ABOUT_RETURN_TYPE = YES_ERROR;
				GCC_WARN_UNDECLARED_SELECTOR = YES;
				GCC_WARN_UNINITIALIZED_AUTOS = YES_AGGRESSIVE;
				GCC_WARN_UNUSED_FUNCTION = YES;
				GCC_WARN_UNUSED_VARIABLE = YES;
				IPHONEOS_DEPLOYMENT_TARGET = 13.4;
				LOCALIZATION_PREFERS_STRING_CATALOGS = YES;
				MTL_ENABLE_DEBUG_INFO = INCLUDE_SOURCE;
				MTL_FAST_MATH = YES;
				ONLY_ACTIVE_ARCH = YES;
				SDKROOT = iphoneos;
				SWIFT_ACTIVE_COMPILATION_CONDITIONS = "DEBUG $(inherited)";
				SWIFT_OPTIMIZATION_LEVEL = "-Onone";
			};
			name = Debug;
		};
		953D87B62BC0275F00CACBBC /* Release */ = {
			isa = XCBuildConfiguration;
			buildSettings = {
				ALWAYS_SEARCH_USER_PATHS = NO;
				ASSETCATALOG_COMPILER_GENERATE_SWIFT_ASSET_SYMBOL_EXTENSIONS = YES;
				CLANG_ANALYZER_NONNULL = YES;
				CLANG_ANALYZER_NUMBER_OBJECT_CONVERSION = YES_AGGRESSIVE;
				CLANG_CXX_LANGUAGE_STANDARD = "gnu++20";
				CLANG_ENABLE_MODULES = YES;
				CLANG_ENABLE_OBJC_ARC = YES;
				CLANG_ENABLE_OBJC_WEAK = YES;
				CLANG_WARN_BLOCK_CAPTURE_AUTORELEASING = YES;
				CLANG_WARN_BOOL_CONVERSION = YES;
				CLANG_WARN_COMMA = YES;
				CLANG_WARN_CONSTANT_CONVERSION = YES;
				CLANG_WARN_DEPRECATED_OBJC_IMPLEMENTATIONS = YES;
				CLANG_WARN_DIRECT_OBJC_ISA_USAGE = YES_ERROR;
				CLANG_WARN_DOCUMENTATION_COMMENTS = YES;
				CLANG_WARN_EMPTY_BODY = YES;
				CLANG_WARN_ENUM_CONVERSION = YES;
				CLANG_WARN_INFINITE_RECURSION = YES;
				CLANG_WARN_INT_CONVERSION = YES;
				CLANG_WARN_NON_LITERAL_NULL_CONVERSION = YES;
				CLANG_WARN_OBJC_IMPLICIT_RETAIN_SELF = YES;
				CLANG_WARN_OBJC_LITERAL_CONVERSION = YES;
				CLANG_WARN_OBJC_ROOT_CLASS = YES_ERROR;
				CLANG_WARN_QUOTED_INCLUDE_IN_FRAMEWORK_HEADER = YES;
				CLANG_WARN_RANGE_LOOP_ANALYSIS = YES;
				CLANG_WARN_STRICT_PROTOTYPES = YES;
				CLANG_WARN_SUSPICIOUS_MOVE = YES;
				CLANG_WARN_UNGUARDED_AVAILABILITY = YES_AGGRESSIVE;
				CLANG_WARN_UNREACHABLE_CODE = YES;
				CLANG_WARN__DUPLICATE_METHOD_MATCH = YES;
				COPY_PHASE_STRIP = NO;
				DEBUG_INFORMATION_FORMAT = "dwarf-with-dsym";
				ENABLE_NS_ASSERTIONS = NO;
				ENABLE_STRICT_OBJC_MSGSEND = YES;
				ENABLE_USER_SCRIPT_SANDBOXING = YES;
				GCC_C_LANGUAGE_STANDARD = gnu17;
				GCC_NO_COMMON_BLOCKS = YES;
				GCC_WARN_64_TO_32_BIT_CONVERSION = YES;
				GCC_WARN_ABOUT_RETURN_TYPE = YES_ERROR;
				GCC_WARN_UNDECLARED_SELECTOR = YES;
				GCC_WARN_UNINITIALIZED_AUTOS = YES_AGGRESSIVE;
				GCC_WARN_UNUSED_FUNCTION = YES;
				GCC_WARN_UNUSED_VARIABLE = YES;
				IPHONEOS_DEPLOYMENT_TARGET = 13.4;
				LOCALIZATION_PREFERS_STRING_CATALOGS = YES;
				MTL_ENABLE_DEBUG_INFO = NO;
				MTL_FAST_MATH = YES;
				SDKROOT = iphoneos;
				SWIFT_COMPILATION_MODE = wholemodule;
				VALIDATE_PRODUCT = YES;
			};
			name = Release;
		};
		953D87B82BC0275F00CACBBC /* Debug */ = {
			isa = XCBuildConfiguration;
			buildSettings = {
				ASSETCATALOG_COMPILER_APPICON_NAME = AppIcon;
				ASSETCATALOG_COMPILER_GLOBAL_ACCENT_COLOR_NAME = AccentColor;
				CODE_SIGN_STYLE = Automatic;
				CURRENT_PROJECT_VERSION = 1;
				DEVELOPMENT_TEAM = 6KUU5G29FF;
				GENERATE_INFOPLIST_FILE = YES;
				INFOPLIST_FILE = Tracker/Info.plist;
				INFOPLIST_KEY_UIApplicationSupportsIndirectInputEvents = YES;
				INFOPLIST_KEY_UILaunchStoryboardName = LaunchScreen;
				INFOPLIST_KEY_UIMainStoryboardFile = Main;
				INFOPLIST_KEY_UISupportedInterfaceOrientations = UIInterfaceOrientationPortrait;
				IPHONEOS_DEPLOYMENT_TARGET = 13.4;
				LD_RUNPATH_SEARCH_PATHS = (
					"$(inherited)",
					"@executable_path/Frameworks",
				);
				MARKETING_VERSION = 1.0;
				PRODUCT_BUNDLE_IDENTIFIER = AnnaIvanova.Tracker;
				PRODUCT_NAME = "$(TARGET_NAME)";
				SWIFT_EMIT_LOC_STRINGS = YES;
				SWIFT_VERSION = 5.0;
				TARGETED_DEVICE_FAMILY = "1,2";
			};
			name = Debug;
		};
		953D87B92BC0275F00CACBBC /* Release */ = {
			isa = XCBuildConfiguration;
			buildSettings = {
				ASSETCATALOG_COMPILER_APPICON_NAME = AppIcon;
				ASSETCATALOG_COMPILER_GLOBAL_ACCENT_COLOR_NAME = AccentColor;
				CODE_SIGN_STYLE = Automatic;
				CURRENT_PROJECT_VERSION = 1;
				DEVELOPMENT_TEAM = 6KUU5G29FF;
				GENERATE_INFOPLIST_FILE = YES;
				INFOPLIST_FILE = Tracker/Info.plist;
				INFOPLIST_KEY_UIApplicationSupportsIndirectInputEvents = YES;
				INFOPLIST_KEY_UILaunchStoryboardName = LaunchScreen;
				INFOPLIST_KEY_UIMainStoryboardFile = Main;
				INFOPLIST_KEY_UISupportedInterfaceOrientations = UIInterfaceOrientationPortrait;
				IPHONEOS_DEPLOYMENT_TARGET = 13.4;
				LD_RUNPATH_SEARCH_PATHS = (
					"$(inherited)",
					"@executable_path/Frameworks",
				);
				MARKETING_VERSION = 1.0;
				PRODUCT_BUNDLE_IDENTIFIER = AnnaIvanova.Tracker;
				PRODUCT_NAME = "$(TARGET_NAME)";
				SWIFT_EMIT_LOC_STRINGS = YES;
				SWIFT_VERSION = 5.0;
				TARGETED_DEVICE_FAMILY = "1,2";
			};
			name = Release;
		};
/* End XCBuildConfiguration section */

/* Begin XCConfigurationList section */
		953D879E2BC0275D00CACBBC /* Build configuration list for PBXProject "Tracker" */ = {
			isa = XCConfigurationList;
			buildConfigurations = (
				953D87B52BC0275F00CACBBC /* Debug */,
				953D87B62BC0275F00CACBBC /* Release */,
			);
			defaultConfigurationIsVisible = 0;
			defaultConfigurationName = Release;
		};
		953D87B72BC0275F00CACBBC /* Build configuration list for PBXNativeTarget "Tracker" */ = {
			isa = XCConfigurationList;
			buildConfigurations = (
				953D87B82BC0275F00CACBBC /* Debug */,
				953D87B92BC0275F00CACBBC /* Release */,
			);
			defaultConfigurationIsVisible = 0;
			defaultConfigurationName = Release;
		};
/* End XCConfigurationList section */
	};
	rootObject = 953D879B2BC0275D00CACBBC /* Project object */;
}
